Microsoft Visual Studio Solution File, Format Version 12.00
# Visual Studio Version 17
VisualStudioVersion = 17.5.2.0
MinimumVisualStudioVersion = 10.0.40219.1
Project("{FAE04EC0-301F-11D3-BF4B-00C04F79EFBC}") = "Estruturas de dados", "Estruturas de dados.csproj", "{6DCACE0A-E47C-43E9-3480-1BBD864E9B7F}"
EndProject
Global
	GlobalSection(SolutionConfigurationPlatforms) = preSolution
		Debug|Any CPU = Debug|Any CPU
		Release|Any CPU = Release|Any CPU
	EndGlobalSection
	GlobalSection(ProjectConfigurationPlatforms) = postSolution
		{6DCACE0A-E47C-43E9-3480-1BBD864E9B7F}.Debug|Any CPU.ActiveCfg = Debug|Any CPU
		{6DCACE0A-E47C-43E9-3480-1BBD864E9B7F}.Debug|Any CPU.Build.0 = Debug|Any CPU
		{6DCACE0A-E47C-43E9-3480-1BBD864E9B7F}.Release|Any CPU.ActiveCfg = Release|Any CPU
		{6DCACE0A-E47C-43E9-3480-1BBD864E9B7F}.Release|Any CPU.Build.0 = Release|Any CPU
	EndGlobalSection
	GlobalSection(SolutionProperties) = preSolution
		HideSolutionNode = FALSE
	EndGlobalSection
	GlobalSection(ExtensibilityGlobals) = postSolution
		SolutionGuid = {19FDA0F6-BF7A-40C0-BEC9-E41B8D0A836F}
	EndGlobalSection
EndGlobal
